// !$*UTF8*$!
{
	archiveVersion = 1;
	classes = {
	};
	objectVersion = 46;
	objects = {

/* Begin PBXBuildFile section */
		C2AEFBC91AA1D62000040C8E /* AppDelegate.swift in Sources */ = {isa = PBXBuildFile; fileRef = C2AEFBC81AA1D62000040C8E /* AppDelegate.swift */; };
		C2AEFBCB1AA1D62000040C8E /* ViewController.swift in Sources */ = {isa = PBXBuildFile; fileRef = C2AEFBCA1AA1D62000040C8E /* ViewController.swift */; };
		C2AEFBCE1AA1D62000040C8E /* Main.storyboard in Resources */ = {isa = PBXBuildFile; fileRef = C2AEFBCC1AA1D62000040C8E /* Main.storyboard */; };
		C2AEFBD01AA1D62000040C8E /* Images.xcassets in Resources */ = {isa = PBXBuildFile; fileRef = C2AEFBCF1AA1D62000040C8E /* Images.xcassets */; };
		C2AEFBD31AA1D62000040C8E /* LaunchScreen.xib in Resources */ = {isa = PBXBuildFile; fileRef = C2AEFBD11AA1D62000040C8E /* LaunchScreen.xib */; };
		C2AEFBDF1AA1D62000040C8E /* PostcardTests.swift in Sources */ = {isa = PBXBuildFile; fileRef = C2AEFBDE1AA1D62000040C8E /* PostcardTests.swift */; };
		C2AEFBE91AA1DCB400040C8E /* SagradaFamilia.jpeg in Resources */ = {isa = PBXBuildFile; fileRef = C2AEFBE81AA1DCB400040C8E /* SagradaFamilia.jpeg */; };
		C2AEFBEB1AA1DF3800040C8E /* AlbertEinsteinStamp.jpg in Resources */ = {isa = PBXBuildFile; fileRef = C2AEFBEA1AA1DF3800040C8E /* AlbertEinsteinStamp.jpg */; };
/* End PBXBuildFile section */

/* Begin PBXContainerItemProxy section */
		C2AEFBD91AA1D62000040C8E /* PBXContainerItemProxy */ = {
			isa = PBXContainerItemProxy;
			containerPortal = C2AEFBBB1AA1D62000040C8E /* Project object */;
			proxyType = 1;
			remoteGlobalIDString = C2AEFBC21AA1D62000040C8E;
			remoteInfo = Postcard;
		};
/* End PBXContainerItemProxy section */

/* Begin PBXFileReference section */
		C2AEFBC31AA1D62000040C8E /* Postcard.app */ = {isa = PBXFileReference; explicitFileType = wrapper.application; includeInIndex = 0; path = Postcard.app; sourceTree = BUILT_PRODUCTS_DIR; };
		C2AEFBC71AA1D62000040C8E /* Info.plist */ = {isa = PBXFileReference; lastKnownFileType = text.plist.xml; path = Info.plist; sourceTree = "<group>"; };
		C2AEFBC81AA1D62000040C8E /* AppDelegate.swift */ = {isa = PBXFileReference; lastKnownFileType = sourcecode.swift; path = AppDelegate.swift; sourceTree = "<group>"; };
		C2AEFBCA1AA1D62000040C8E /* ViewController.swift */ = {isa = PBXFileReference; lastKnownFileType = sourcecode.swift; path = ViewController.swift; sourceTree = "<group>"; };
		C2AEFBCD1AA1D62000040C8E /* Base */ = {isa = PBXFileReference; lastKnownFileType = file.storyboard; name = Base; path = Base.lproj/Main.storyboard; sourceTree = "<group>"; };
		C2AEFBCF1AA1D62000040C8E /* Images.xcassets */ = {isa = PBXFileReference; lastKnownFileType = folder.assetcatalog; path = Images.xcassets; sourceTree = "<group>"; };
		C2AEFBD21AA1D62000040C8E /* Base */ = {isa = PBXFileReference; lastKnownFileType = file.xib; name = Base; path = Base.lproj/LaunchScreen.xib; sourceTree = "<group>"; };
		C2AEFBD81AA1D62000040C8E /* PostcardTests.xctest */ = {isa = PBXFileReference; explicitFileType = wrapper.cfbundle; includeInIndex = 0; path = PostcardTests.xctest; sourceTree = BUILT_PRODUCTS_DIR; };
		C2AEFBDD1AA1D62000040C8E /* Info.plist */ = {isa = PBXFileReference; lastKnownFileType = text.plist.xml; path = Info.plist; sourceTree = "<group>"; };
		C2AEFBDE1AA1D62000040C8E /* PostcardTests.swift */ = {isa = PBXFileReference; lastKnownFileType = sourcecode.swift; path = PostcardTests.swift; sourceTree = "<group>"; };
		C2AEFBE81AA1DCB400040C8E /* SagradaFamilia.jpeg */ = {isa = PBXFileReference; lastKnownFileType = image.jpeg; path = SagradaFamilia.jpeg; sourceTree = "<group>"; };
		C2AEFBEA1AA1DF3800040C8E /* AlbertEinsteinStamp.jpg */ = {isa = PBXFileReference; lastKnownFileType = image.jpeg; path = AlbertEinsteinStamp.jpg; sourceTree = "<group>"; };
/* End PBXFileReference section */

/* Begin PBXFrameworksBuildPhase section */
		C2AEFBC01AA1D62000040C8E /* Frameworks */ = {
			isa = PBXFrameworksBuildPhase;
			buildActionMask = 2147483647;
			files = (
			);
			runOnlyForDeploymentPostprocessing = 0;
		};
		C2AEFBD51AA1D62000040C8E /* Frameworks */ = {
			isa = PBXFrameworksBuildPhase;
			buildActionMask = 2147483647;
			files = (
			);
			runOnlyForDeploymentPostprocessing = 0;
		};
/* End PBXFrameworksBuildPhase section */

/* Begin PBXGroup section */
		C2AEFBBA1AA1D62000040C8E = {
			isa = PBXGroup;
			children = (
				C2AEFBC51AA1D62000040C8E /* Postcard */,
				C2AEFBDB1AA1D62000040C8E /* PostcardTests */,
				C2AEFBC41AA1D62000040C8E /* Products */,
			);
			sourceTree = "<group>";
		};
		C2AEFBC41AA1D62000040C8E /* Products */ = {
			isa = PBXGroup;
			children = (
				C2AEFBC31AA1D62000040C8E /* Postcard.app */,
				C2AEFBD81AA1D62000040C8E /* PostcardTests.xctest */,
			);
			name = Products;
			sourceTree = "<group>";
		};
		C2AEFBC51AA1D62000040C8E /* Postcard */ = {
			isa = PBXGroup;
			children = (
				C2AEFBC81AA1D62000040C8E /* AppDelegate.swift */,
				C2AEFBCA1AA1D62000040C8E /* ViewController.swift */,
				C2AEFBCC1AA1D62000040C8E /* Main.storyboard */,
				C2AEFBCF1AA1D62000040C8E /* Images.xcassets */,
				C2AEFBD11AA1D62000040C8E /* LaunchScreen.xib */,
				C2AEFBC61AA1D62000040C8E /* Supporting Files */,
			);
			path = Postcard;
			sourceTree = "<group>";
		};
		C2AEFBC61AA1D62000040C8E /* Supporting Files */ = {
			isa = PBXGroup;
			children = (
				C2AEFBEA1AA1DF3800040C8E /* AlbertEinsteinStamp.jpg */,
				C2AEFBE81AA1DCB400040C8E /* SagradaFamilia.jpeg */,
				C2AEFBC71AA1D62000040C8E /* Info.plist */,
			);
			name = "Supporting Files";
			sourceTree = "<group>";
		};
		C2AEFBDB1AA1D62000040C8E /* PostcardTests */ = {
			isa = PBXGroup;
			children = (
				C2AEFBDE1AA1D62000040C8E /* PostcardTests.swift */,
				C2AEFBDC1AA1D62000040C8E /* Supporting Files */,
			);
			path = PostcardTests;
			sourceTree = "<group>";
		};
		C2AEFBDC1AA1D62000040C8E /* Supporting Files */ = {
			isa = PBXGroup;
			children = (
				C2AEFBDD1AA1D62000040C8E /* Info.plist */,
			);
			name = "Supporting Files";
			sourceTree = "<group>";
		};
/* End PBXGroup section */

/* Begin PBXNativeTarget section */
		C2AEFBC21AA1D62000040C8E /* Postcard */ = {
			isa = PBXNativeTarget;
			buildConfigurationList = C2AEFBE21AA1D62000040C8E /* Build configuration list for PBXNativeTarget "Postcard" */;
			buildPhases = (
				C2AEFBBF1AA1D62000040C8E /* Sources */,
				C2AEFBC01AA1D62000040C8E /* Frameworks */,
				C2AEFBC11AA1D62000040C8E /* Resources */,
			);
			buildRules = (
			);
			dependencies = (
			);
			name = Postcard;
			productName = Postcard;
			productReference = C2AEFBC31AA1D62000040C8E /* Postcard.app */;
			productType = "com.apple.product-type.application";
		};
		C2AEFBD71AA1D62000040C8E /* PostcardTests */ = {
			isa = PBXNativeTarget;
			buildConfigurationList = C2AEFBE51AA1D62000040C8E /* Build configuration list for PBXNativeTarget "PostcardTests" */;
			buildPhases = (
				C2AEFBD41AA1D62000040C8E /* Sources */,
				C2AEFBD51AA1D62000040C8E /* Frameworks */,
				C2AEFBD61AA1D62000040C8E /* Resources */,
			);
			buildRules = (
			);
			dependencies = (
				C2AEFBDA1AA1D62000040C8E /* PBXTargetDependency */,
			);
			name = PostcardTests;
			productName = PostcardTests;
			productReference = C2AEFBD81AA1D62000040C8E /* PostcardTests.xctest */;
			productType = "com.apple.product-type.bundle.unit-test";
		};
/* End PBXNativeTarget section */

/* Begin PBXProject section */
		C2AEFBBB1AA1D62000040C8E /* Project object */ = {
			isa = PBXProject;
			attributes = {
				LastUpgradeCheck = 0610;
				ORGANIZATIONNAME = "Kevin Weeber";
				TargetAttributes = {
					C2AEFBC21AA1D62000040C8E = {
						CreatedOnToolsVersion = 6.1;
					};
					C2AEFBD71AA1D62000040C8E = {
						CreatedOnToolsVersion = 6.1;
						TestTargetID = C2AEFBC21AA1D62000040C8E;
					};
				};
			};
			buildConfigurationList = C2AEFBBE1AA1D62000040C8E /* Build configuration list for PBXProject "Postcard" */;
			compatibilityVersion = "Xcode 3.2";
			developmentRegion = English;
			hasScannedForEncodings = 0;
			knownRegions = (
				en,
				Base,
			);
			mainGroup = C2AEFBBA1AA1D62000040C8E;
			productRefGroup = C2AEFBC41AA1D62000040C8E /* Products */;
			projectDirPath = "";
			projectRoot = "";
			targets = (
				C2AEFBC21AA1D62000040C8E /* Postcard */,
				C2AEFBD71AA1D62000040C8E /* PostcardTests */,
			);
		};
/* End PBXProject section */

/* Begin PBXResourcesBuildPhase section */
		C2AEFBC11AA1D62000040C8E /* Resources */ = {
			isa = PBXResourcesBuildPhase;
			buildActionMask = 2147483647;
			files = (
				C2AEFBCE1AA1D62000040C8E /* Main.storyboard in Resources */,
				C2AEFBE91AA1DCB400040C8E /* SagradaFamilia.jpeg in Resources */,
				C2AEFBEB1AA1DF3800040C8E /* AlbertEinsteinStamp.jpg in Resources */,
				C2AEFBD31AA1D62000040C8E /* LaunchScreen.xib in Resources */,
				C2AEFBD01AA1D62000040C8E /* Images.xcassets in Resources */,
			);
			runOnlyForDeploymentPostprocessing = 0;
		};
		C2AEFBD61AA1D62000040C8E /* Resources */ = {
			isa = PBXResourcesBuildPhase;
			buildActionMask = 2147483647;
			files = (
			);
			runOnlyForDeploymentPostprocessing = 0;
		};
/* End PBXResourcesBuildPhase section */

/* Begin PBXSourcesBuildPhase section */
		C2AEFBBF1AA1D62000040C8E /* Sources */ = {
			isa = PBXSourcesBuildPhase;
			buildActionMask = 2147483647;
			files = (
				C2AEFBCB1AA1D62000040C8E /* ViewController.swift in Sources */,
				C2AEFBC91AA1D62000040C8E /* AppDelegate.swift in Sources */,
			);
			runOnlyForDeploymentPostprocessing = 0;
		};
		C2AEFBD41AA1D62000040C8E /* Sources */ = {
			isa = PBXSourcesBuildPhase;
			buildActionMask = 2147483647;
			files = (
				C2AEFBDF1AA1D62000040C8E /* PostcardTests.swift in Sources */,
			);
			runOnlyForDeploymentPostprocessing = 0;
		};
/* End PBXSourcesBuildPhase section */

/* Begin PBXTargetDependency section */
		C2AEFBDA1AA1D62000040C8E /* PBXTargetDependency */ = {
			isa = PBXTargetDependency;
			target = C2AEFBC21AA1D62000040C8E /* Postcard */;
			targetProxy = C2AEFBD91AA1D62000040C8E /* PBXContainerItemProxy */;
		};
/* End PBXTargetDependency section */

/* Begin PBXVariantGroup section */
		C2AEFBCC1AA1D62000040C8E /* Main.storyboard */ = {
			isa = PBXVariantGroup;
			children = (
				C2AEFBCD1AA1D62000040C8E /* Base */,
			);
			name = Main.storyboard;
			sourceTree = "<group>";
		};
		C2AEFBD11AA1D62000040C8E /* LaunchScreen.xib */ = {
			isa = PBXVariantGroup;
			children = (
				C2AEFBD21AA1D62000040C8E /* Base */,
			);
			name = LaunchScreen.xib;
			sourceTree = "<group>";
		};
/* End PBXVariantGroup section */

/* Begin XCBuildConfiguration section */
		C2AEFBE01AA1D62000040C8E /* Debug */ = {
			isa = XCBuildConfiguration;
			buildSettings = {
				ALWAYS_SEARCH_USER_PATHS = NO;
				CLANG_CXX_LANGUAGE_STANDARD = "gnu++0x";
				CLANG_CXX_LIBRARY = "libc++";
				CLANG_ENABLE_MODULES = YES;
				CLANG_ENABLE_OBJC_ARC = YES;
				CLANG_WARN_BOOL_CONVERSION = YES;
				CLANG_WARN_CONSTANT_CONVERSION = YES;
				CLANG_WARN_DIRECT_OBJC_ISA_USAGE = YES_ERROR;
				CLANG_WARN_EMPTY_BODY = YES;
				CLANG_WARN_ENUM_CONVERSION = YES;
				CLANG_WARN_INT_CONVERSION = YES;
				CLANG_WARN_OBJC_ROOT_CLASS = YES_ERROR;
				CLANG_WARN_UNREACHABLE_CODE = YES;
				CLANG_WARN__DUPLICATE_METHOD_MATCH = YES;
				"CODE_SIGN_IDENTITY[sdk=iphoneos*]" = "iPhone Developer";
				COPY_PHASE_STRIP = NO;
				ENABLE_STRICT_OBJC_MSGSEND = YES;
				GCC_C_LANGUAGE_STANDARD = gnu99;
				GCC_DYNAMIC_NO_PIC = NO;
				GCC_OPTIMIZATION_LEVEL = 0;
				GCC_PREPROCESSOR_DEFINITIONS = (
					"DEBUG=1",
					"$(inherited)",
				);
				GCC_SYMBOLS_PRIVATE_EXTERN = NO;
				GCC_WARN_64_TO_32_BIT_CONVERSION = YES;
				GCC_WARN_ABOUT_RETURN_TYPE = YES_ERROR;
				GCC_WARN_UNDECLARED_SELECTOR = YES;
				GCC_WARN_UNINITIALIZED_AUTOS = YES_AGGRESSIVE;
				GCC_WARN_UNUSED_FUNCTION = YES;
				GCC_WARN_UNUSED_VARIABLE = YES;
				IPHONEOS_DEPLOYMENT_TARGET = 8.1;
				MTL_ENABLE_DEBUG_INFO = YES;
				ONLY_ACTIVE_ARCH = YES;
				SDKROOT = iphoneos;
				SWIFT_OPTIMIZATION_LEVEL = "-Onone";
				TARGETED_DEVICE_FAMILY = "1,2";
			};
			name = Debug;
		};
		C2AEFBE11AA1D62000040C8E /* Release */ = {
			isa = XCBuildConfiguration;
			buildSettings = {
				ALWAYS_SEARCH_USER_PATHS = NO;
				CLANG_CXX_LANGUAGE_STANDARD = "gnu++0x";
				CLANG_CXX_LIBRARY = "libc++";
				CLANG_ENABLE_MODULES = YES;
				CLANG_ENABLE_OBJC_ARC = YES;
				CLANG_WARN_BOOL_CONVERSION = YES;
				CLANG_WARN_CONSTANT_CONVERSION = YES;
				CLANG_WARN_DIRECT_OBJC_ISA_USAGE = YES_ERROR;
				CLANG_WARN_EMPTY_BODY = YES;
				CLANG_WARN_ENUM_CONVERSION = YES;
				CLANG_WARN_INT_CONVERSION = YES;
				CLANG_WARN_OBJC_ROOT_CLASS = YES_ERROR;
				CLANG_WARN_UNREACHABLE_CODE = YES;
				CLANG_WARN__DUPLICATE_METHOD_MATCH = YES;
				"CODE_SIGN_IDENTITY[sdk=iphoneos*]" = "iPhone Developer";
				COPY_PHASE_STRIP = YES;
				ENABLE_NS_ASSERTIONS = NO;
				ENABLE_STRICT_OBJC_MSGSEND = YES;
				GCC_C_LANGUAGE_STANDARD = gnu99;
				GCC_WARN_64_TO_32_BIT_CONVERSION = YES;
				GCC_WARN_ABOUT_RETURN_TYPE = YES_ERROR;
				GCC_WARN_UNDECLARED_SELECTOR = YES;
				GCC_WARN_UNINITIALIZED_AUTOS = YES_AGGRESSIVE;
				GCC_WARN_UNUSED_FUNCTION = YES;
				GCC_WARN_UNUSED_VARIABLE = YES;
				IPHONEOS_DEPLOYMENT_TARGET = 8.1;
				MTL_ENABLE_DEBUG_INFO = NO;
				SDKROOT = iphoneos;
				TARGETED_DEVICE_FAMILY = "1,2";
				VALIDATE_PRODUCT = YES;
			};
			name = Release;
		};
		C2AEFBE31AA1D62000040C8E /* Debug */ = {
			isa = XCBuildConfiguration;
			buildSettings = {
				ASSETCATALOG_COMPILER_APPICON_NAME = AppIcon;
				INFOPLIST_FILE = Postcard/Info.plist;
				LD_RUNPATH_SEARCH_PATHS = "$(inherited) @executable_path/Frameworks";
				PRODUCT_NAME = "$(TARGET_NAME)";
			};
			name = Debug;
		};
		C2AEFBE41AA1D62000040C8E /* Release */ = {
			isa = XCBuildConfiguration;
			buildSettings = {
				ASSETCATALOG_COMPILER_APPICON_NAME = AppIcon;
				INFOPLIST_FILE = Postcard/Info.plist;
				LD_RUNPATH_SEARCH_PATHS = "$(inherited) @executable_path/Frameworks";
				PRODUCT_NAME = "$(TARGET_NAME)";
			};
			name = Release;
		};
		C2AEFBE61AA1D62000040C8E /* Debug */ = {
			isa = XCBuildConfiguration;
			buildSettings = {
				BUNDLE_LOADER = "$(TEST_HOST)";
				FRAMEWORK_SEARCH_PATHS = (
					"$(SDKROOT)/Developer/Library/Frameworks",
					"$(inherited)",
				);
				GCC_PREPROCESSOR_DEFINITIONS = (
					"DEBUG=1",
					"$(inherited)",
				);
				INFOPLIST_FILE = PostcardTests/Info.plist;
				LD_RUNPATH_SEARCH_PATHS = "$(inherited) @executable_path/Frameworks @loader_path/Frameworks";
				PRODUCT_NAME = "$(TARGET_NAME)";
				TEST_HOST = "$(BUILT_PRODUCTS_DIR)/Postcard.app/Postcard";
			};
			name = Debug;
		};
		C2AEFBE71AA1D62000040C8E /* Release */ = {
			isa = XCBuildConfiguration;
			buildSettings = {
				BUNDLE_LOADER = "$(TEST_HOST)";
				FRAMEWORK_SEARCH_PATHS = (
					"$(SDKROOT)/Developer/Library/Frameworks",
					"$(inherited)",
				);
				INFOPLIST_FILE = PostcardTests/Info.plist;
				LD_RUNPATH_SEARCH_PATHS = "$(inherited) @executable_path/Frameworks @loader_path/Frameworks";
				PRODUCT_NAME = "$(TARGET_NAME)";
				TEST_HOST = "$(BUILT_PRODUCTS_DIR)/Postcard.app/Postcard";
			};
			name = Release;
		};
/* End XCBuildConfiguration section */

/* Begin XCConfigurationList section */
		C2AEFBBE1AA1D62000040C8E /* Build configuration list for PBXProject "Postcard" */ = {
			isa = XCConfigurationList;
			buildConfigurations = (
				C2AEFBE01AA1D62000040C8E /* Debug */,
				C2AEFBE11AA1D62000040C8E /* Release */,
			);
			defaultConfigurationIsVisible = 0;
			defaultConfigurationName = Release;
		};
		C2AEFBE21AA1D62000040C8E /* Build configuration list for PBXNativeTarget "Postcard" */ = {
			isa = XCConfigurationList;
			buildConfigurations = (
				C2AEFBE31AA1D62000040C8E /* Debug */,
				C2AEFBE41AA1D62000040C8E /* Release */,
			);
			defaultConfigurationIsVisible = 0;
		};
		C2AEFBE51AA1D62000040C8E /* Build configuration list for PBXNativeTarget "PostcardTests" */ = {
			isa = XCConfigurationList;
			buildConfigurations = (
				C2AEFBE61AA1D62000040C8E /* Debug */,
				C2AEFBE71AA1D62000040C8E /* Release */,
			);
			defaultConfigurationIsVisible = 0;
		};
/* End XCConfigurationList section */
	};
	rootObject = C2AEFBBB1AA1D62000040C8E /* Project object */;
}
